version = 4
[[package]]
name = "codec"
version = "1.0.0"
source = "sparse+https://example.invalid/index"
[[package]]
name = "codec"
version = "2.0.0"
source = "sparse+https://example.invalid/index"
[[package]]
name = "derive"
version = "1.0.0"
source = "sparse+https://example.invalid/index"
[[package]]
name = "plain"
version = "1.0.0"
source = "sparse+https://example.invalid/index"
[[package]]
name = "plain"
version = "2.0.0"
source = "sparse+https://example.invalid/index"
