version = 4
[[package]]
name = "wire-codec"
version = "2.0.0"
source = "registry+https://example.invalid/index"
[[package]]
name = "derive-package"
version = "1.0.0"
source = "registry+https://example.invalid/index"
[[package]]
name = "wire-codec"
version = "1.0.0"
source = "registry+https://example.invalid/index"
